
Microsoft Visual Studio Solution File, Format Version 12.00
# Visual Studio Version 16
VisualStudioVersion = 16.0.31005.135
MinimumVisualStudioVersion = 10.0.40219.1
Project("{2150E333-8FDC-42A3-9474-1A3956D46DE8}") = "1 - Services Layer", "1 - Services Layer", "{F100F1CA-9901-4120-8015-277426863A00}"
EndProject
Project("{2150E333-8FDC-42A3-9474-1A3956D46DE8}") = "2 - Domain Layer", "2 - Domain Layer", "{2A3BC9A8-A915-4542-A3CA-5862AEAA6338}"
EndProject
Project("{2150E333-8FDC-42A3-9474-1A3956D46DE8}") = "3 - Repository layer", "3 - Repository layer", "{6130FFAB-3508-413B-B7AC-70BDC555EA80}"
EndProject
Project("{9A19103F-16F7-4668-BE54-9A1E7A4F7556}") = "ProjetoAPI02.Services", "ProjetoAPI02.Services\ProjetoAPI02.Services.csproj", "{A6339F46-490A-4BD9-8464-C87EBD521884}"
EndProject
Project("{9A19103F-16F7-4668-BE54-9A1E7A4F7556}") = "ProjetoAPI02.Domain", "ProjetoAPI02.Domain\ProjetoAPI02.Domain.csproj", "{2AAD0B9F-6618-46FD-9490-D4B4998C9BA4}"
EndProject
Project("{9A19103F-16F7-4668-BE54-9A1E7A4F7556}") = "ProjetoAPI02.Repository", "ProjetoAPI02.Repository\ProjetoAPI02.Repository.csproj", "{77F154CD-CC80-4D75-B15D-113E6C7C42F1}"
EndProject
Project("{9A19103F-16F7-4668-BE54-9A1E7A4F7556}") = "ProjetoAPI02.DomainServices", "ProjetoAPI02.DomainServices\ProjetoAPI02.DomainServices.csproj", "{A9E24B05-B793-42BC-82F8-F59BD929A89D}"
EndProject
Project("{2150E333-8FDC-42A3-9474-1A3956D46DE8}") = "2.1 - Domain Entities", "2.1 - Domain Entities", "{C8CEB7EE-B25F-4B84-859C-DF4B3F30E18D}"
EndProject
Project("{2150E333-8FDC-42A3-9474-1A3956D46DE8}") = "2.2 - Domain Services", "2.2 - Domain Services", "{6D162990-9A28-45FD-ADE7-FE2E9AB9DBA8}"
EndProject
Project("{2150E333-8FDC-42A3-9474-1A3956D46DE8}") = "4 - InfraStructure Layer", "4 - InfraStructure Layer", "{9FFC351E-5E83-4D05-90F6-1D00EAFF196A}"
EndProject
Project("{2150E333-8FDC-42A3-9474-1A3956D46DE8}") = "4.1 - Cryptography", "4.1 - Cryptography", "{E5CEC9D0-EE34-4AC2-9FB0-84F2933E55B5}"
EndProject
Project("{2150E333-8FDC-42A3-9474-1A3956D46DE8}") = "4.2 - Security", "4.2 - Security", "{6C02B525-6C85-4A1E-8896-E49F7631F75E}"
EndProject
Project("{FAE04EC0-301F-11D3-BF4B-00C04F79EFBC}") = "ProjetoAPI02.Cryptography", "ProjetoAPI02.Cryptography\ProjetoAPI02.Cryptography.csproj", "{A29B5C38-D80D-4EF2-99C1-2E9A5DB0F1A3}"
EndProject
Project("{FAE04EC0-301F-11D3-BF4B-00C04F79EFBC}") = "ProjetoAPI02.Security", "ProjetoAPI02.Security\ProjetoAPI02.Security.csproj", "{45BC78AB-92ED-48ED-893E-A9AA0E151583}"
EndProject
Global
	GlobalSection(SolutionConfigurationPlatforms) = preSolution
		Debug|Any CPU = Debug|Any CPU
		Release|Any CPU = Release|Any CPU
	EndGlobalSection
	GlobalSection(ProjectConfigurationPlatforms) = postSolution
		{A6339F46-490A-4BD9-8464-C87EBD521884}.Debug|Any CPU.ActiveCfg = Debug|Any CPU
		{A6339F46-490A-4BD9-8464-C87EBD521884}.Debug|Any CPU.Build.0 = Debug|Any CPU
		{A6339F46-490A-4BD9-8464-C87EBD521884}.Release|Any CPU.ActiveCfg = Release|Any CPU
		{A6339F46-490A-4BD9-8464-C87EBD521884}.Release|Any CPU.Build.0 = Release|Any CPU
		{2AAD0B9F-6618-46FD-9490-D4B4998C9BA4}.Debug|Any CPU.ActiveCfg = Debug|Any CPU
		{2AAD0B9F-6618-46FD-9490-D4B4998C9BA4}.Debug|Any CPU.Build.0 = Debug|Any CPU
		{2AAD0B9F-6618-46FD-9490-D4B4998C9BA4}.Release|Any CPU.ActiveCfg = Release|Any CPU
		{2AAD0B9F-6618-46FD-9490-D4B4998C9BA4}.Release|Any CPU.Build.0 = Release|Any CPU
		{77F154CD-CC80-4D75-B15D-113E6C7C42F1}.Debug|Any CPU.ActiveCfg = Debug|Any CPU
		{77F154CD-CC80-4D75-B15D-113E6C7C42F1}.Debug|Any CPU.Build.0 = Debug|Any CPU
		{77F154CD-CC80-4D75-B15D-113E6C7C42F1}.Release|Any CPU.ActiveCfg = Release|Any CPU
		{77F154CD-CC80-4D75-B15D-113E6C7C42F1}.Release|Any CPU.Build.0 = Release|Any CPU
		{A9E24B05-B793-42BC-82F8-F59BD929A89D}.Debug|Any CPU.ActiveCfg = Debug|Any CPU
		{A9E24B05-B793-42BC-82F8-F59BD929A89D}.Debug|Any CPU.Build.0 = Debug|Any CPU
		{A9E24B05-B793-42BC-82F8-F59BD929A89D}.Release|Any CPU.ActiveCfg = Release|Any CPU
		{A9E24B05-B793-42BC-82F8-F59BD929A89D}.Release|Any CPU.Build.0 = Release|Any CPU
		{A29B5C38-D80D-4EF2-99C1-2E9A5DB0F1A3}.Debug|Any CPU.ActiveCfg = Debug|Any CPU
		{A29B5C38-D80D-4EF2-99C1-2E9A5DB0F1A3}.Debug|Any CPU.Build.0 = Debug|Any CPU
		{A29B5C38-D80D-4EF2-99C1-2E9A5DB0F1A3}.Release|Any CPU.ActiveCfg = Release|Any CPU
		{A29B5C38-D80D-4EF2-99C1-2E9A5DB0F1A3}.Release|Any CPU.Build.0 = Release|Any CPU
		{45BC78AB-92ED-48ED-893E-A9AA0E151583}.Debug|Any CPU.ActiveCfg = Debug|Any CPU
		{45BC78AB-92ED-48ED-893E-A9AA0E151583}.Debug|Any CPU.Build.0 = Debug|Any CPU
		{45BC78AB-92ED-48ED-893E-A9AA0E151583}.Release|Any CPU.ActiveCfg = Release|Any CPU
		{45BC78AB-92ED-48ED-893E-A9AA0E151583}.Release|Any CPU.Build.0 = Release|Any CPU
	EndGlobalSection
	GlobalSection(SolutionProperties) = preSolution
		HideSolutionNode = FALSE
	EndGlobalSection
	GlobalSection(NestedProjects) = preSolution
		{A6339F46-490A-4BD9-8464-C87EBD521884} = {F100F1CA-9901-4120-8015-277426863A00}
		{2AAD0B9F-6618-46FD-9490-D4B4998C9BA4} = {C8CEB7EE-B25F-4B84-859C-DF4B3F30E18D}
		{77F154CD-CC80-4D75-B15D-113E6C7C42F1} = {6130FFAB-3508-413B-B7AC-70BDC555EA80}
		{A9E24B05-B793-42BC-82F8-F59BD929A89D} = {6D162990-9A28-45FD-ADE7-FE2E9AB9DBA8}
		{C8CEB7EE-B25F-4B84-859C-DF4B3F30E18D} = {2A3BC9A8-A915-4542-A3CA-5862AEAA6338}
		{6D162990-9A28-45FD-ADE7-FE2E9AB9DBA8} = {2A3BC9A8-A915-4542-A3CA-5862AEAA6338}
		{E5CEC9D0-EE34-4AC2-9FB0-84F2933E55B5} = {9FFC351E-5E83-4D05-90F6-1D00EAFF196A}
		{6C02B525-6C85-4A1E-8896-E49F7631F75E} = {9FFC351E-5E83-4D05-90F6-1D00EAFF196A}
		{A29B5C38-D80D-4EF2-99C1-2E9A5DB0F1A3} = {E5CEC9D0-EE34-4AC2-9FB0-84F2933E55B5}
		{45BC78AB-92ED-48ED-893E-A9AA0E151583} = {6C02B525-6C85-4A1E-8896-E49F7631F75E}
	EndGlobalSection
	GlobalSection(ExtensibilityGlobals) = postSolution
		SolutionGuid = {A0744F68-19CA-45A4-B10A-AB799E4B2B73}
	EndGlobalSection
EndGlobal
